
Microsoft Visual Studio Solution File, Format Version 12.00
# Visual Studio 15
VisualStudioVersion = 15.0.28307.1259
MinimumVisualStudioVersion = 10.0.40219.1
Project("{8BC9CEB8-8B4A-11D0-8D11-00A0C91BC942}") = "collectfiles", "collectfiles\collectfiles.vcxproj", "{56FB27AF-0BC1-49DA-A45B-EB957AB39307}"
EndProject
Project("{8BC9CEB8-8B4A-11D0-8D11-00A0C91BC942}") = "collectRecursive", "collectRecursive\collectRecursive.vcxproj", "{E0B28FDA-5DD8-4101-A88A-E3FE801EF774}"
EndProject
Project("{8BC9CEB8-8B4A-11D0-8D11-00A0C91BC942}") = "collectImagesToResourceFile", "collectImagesToResourceFile\collectImagesToResourceFile.vcxproj", "{D1BC2579-82F0-42FD-A45F-F271C210AC70}"
EndProject
Global
	GlobalSection(SolutionConfigurationPlatforms) = preSolution
		Debug|x64 = Debug|x64
		Debug|x86 = Debug|x86
		Release|x64 = Release|x64
		Release|x86 = Release|x86
	EndGlobalSection
	GlobalSection(ProjectConfigurationPlatforms) = postSolution
		{56FB27AF-0BC1-49DA-A45B-EB957AB39307}.Debug|x64.ActiveCfg = Debug|x64
		{56FB27AF-0BC1-49DA-A45B-EB957AB39307}.Debug|x64.Build.0 = Debug|x64
		{56FB27AF-0BC1-49DA-A45B-EB957AB39307}.Debug|x86.ActiveCfg = Debug|Win32
		{56FB27AF-0BC1-49DA-A45B-EB957AB39307}.Debug|x86.Build.0 = Debug|Win32
		{56FB27AF-0BC1-49DA-A45B-EB957AB39307}.Release|x64.ActiveCfg = Release|x64
		{56FB27AF-0BC1-49DA-A45B-EB957AB39307}.Release|x64.Build.0 = Release|x64
		{56FB27AF-0BC1-49DA-A45B-EB957AB39307}.Release|x86.ActiveCfg = Release|Win32
		{56FB27AF-0BC1-49DA-A45B-EB957AB39307}.Release|x86.Build.0 = Release|Win32
		{E0B28FDA-5DD8-4101-A88A-E3FE801EF774}.Debug|x64.ActiveCfg = Debug|x64
		{E0B28FDA-5DD8-4101-A88A-E3FE801EF774}.Debug|x64.Build.0 = Debug|x64
		{E0B28FDA-5DD8-4101-A88A-E3FE801EF774}.Debug|x86.ActiveCfg = Debug|Win32
		{E0B28FDA-5DD8-4101-A88A-E3FE801EF774}.Debug|x86.Build.0 = Debug|Win32
		{E0B28FDA-5DD8-4101-A88A-E3FE801EF774}.Release|x64.ActiveCfg = Release|x64
		{E0B28FDA-5DD8-4101-A88A-E3FE801EF774}.Release|x64.Build.0 = Release|x64
		{E0B28FDA-5DD8-4101-A88A-E3FE801EF774}.Release|x86.ActiveCfg = Release|Win32
		{E0B28FDA-5DD8-4101-A88A-E3FE801EF774}.Release|x86.Build.0 = Release|Win32
		{D1BC2579-82F0-42FD-A45F-F271C210AC70}.Debug|x64.ActiveCfg = Debug|x64
		{D1BC2579-82F0-42FD-A45F-F271C210AC70}.Debug|x64.Build.0 = Debug|x64
		{D1BC2579-82F0-42FD-A45F-F271C210AC70}.Debug|x86.ActiveCfg = Debug|Win32
		{D1BC2579-82F0-42FD-A45F-F271C210AC70}.Debug|x86.Build.0 = Debug|Win32
		{D1BC2579-82F0-42FD-A45F-F271C210AC70}.Release|x64.ActiveCfg = Release|x64
		{D1BC2579-82F0-42FD-A45F-F271C210AC70}.Release|x64.Build.0 = Release|x64
		{D1BC2579-82F0-42FD-A45F-F271C210AC70}.Release|x86.ActiveCfg = Release|Win32
		{D1BC2579-82F0-42FD-A45F-F271C210AC70}.Release|x86.Build.0 = Release|Win32
	EndGlobalSection
	GlobalSection(SolutionProperties) = preSolution
		HideSolutionNode = FALSE
	EndGlobalSection
	GlobalSection(ExtensibilityGlobals) = postSolution
		SolutionGuid = {72B23C81-21C5-4096-A7A4-512A3A22E4FB}
	EndGlobalSection
EndGlobal
